// !$*UTF8*$!
{
	archiveVersion = 1;
	classes = {
	};
	objectVersion = 77;
	objects = {

/* Begin PBXBuildFile section */
		FD8029A22DCE20FC00C9183E /* ComposableArchitecture in Frameworks */ = {isa = PBXBuildFile; productRef = FD8029A12DCE20FC00C9183E /* ComposableArchitecture */; };
		FD8029A52DCE215600C9183E /* Kingfisher in Frameworks */ = {isa = PBXBuildFile; productRef = FD8029A42DCE215600C9183E /* Kingfisher */; };
/* End PBXBuildFile section */

/* Begin PBXContainerItemProxy section */
		FD8029842DCE204800C9183E /* PBXContainerItemProxy */ = {
			isa = PBXContainerItemProxy;
			containerPortal = FD80296E2DCE204700C9183E /* Project object */;
			proxyType = 1;
			remoteGlobalIDString = FD8029752DCE204700C9183E;
			remoteInfo = GamesDealz;
		};
		FD80298E2DCE204800C9183E /* PBXContainerItemProxy */ = {
			isa = PBXContainerItemProxy;
			containerPortal = FD80296E2DCE204700C9183E /* Project object */;
			proxyType = 1;
			remoteGlobalIDString = FD8029752DCE204700C9183E;
			remoteInfo = GamesDealz;
		};
/* End PBXContainerItemProxy section */

/* Begin PBXFileReference section */
		FD8029762DCE204700C9183E /* GamesDealz.app */ = {isa = PBXFileReference; explicitFileType = wrapper.application; includeInIndex = 0; path = GamesDealz.app; sourceTree = BUILT_PRODUCTS_DIR; };
		FD8029832DCE204800C9183E /* GamesDealzTests.xctest */ = {isa = PBXFileReference; explicitFileType = wrapper.cfbundle; includeInIndex = 0; path = GamesDealzTests.xctest; sourceTree = BUILT_PRODUCTS_DIR; };
		FD80298D2DCE204800C9183E /* GamesDealzUITests.xctest */ = {isa = PBXFileReference; explicitFileType = wrapper.cfbundle; includeInIndex = 0; path = GamesDealzUITests.xctest; sourceTree = BUILT_PRODUCTS_DIR; };
/* End PBXFileReference section */

/* Begin PBXFileSystemSynchronizedRootGroup section */
		FD8029782DCE204700C9183E /* GamesDealz */ = {
			isa = PBXFileSystemSynchronizedRootGroup;
			path = GamesDealz;
			sourceTree = "<group>";
		};
		FD8029862DCE204800C9183E /* GamesDealzTests */ = {
			isa = PBXFileSystemSynchronizedRootGroup;
			path = GamesDealzTests;
			sourceTree = "<group>";
		};
		FD8029902DCE204800C9183E /* GamesDealzUITests */ = {
			isa = PBXFileSystemSynchronizedRootGroup;
			path = GamesDealzUITests;
			sourceTree = "<group>";
		};
/* End PBXFileSystemSynchronizedRootGroup section */

/* Begin PBXFrameworksBuildPhase section */
		FD8029732DCE204700C9183E /* Frameworks */ = {
			isa = PBXFrameworksBuildPhase;
			buildActionMask = 2147483647;
			files = (
				FD8029A52DCE215600C9183E /* Kingfisher in Frameworks */,
				FD8029A22DCE20FC00C9183E /* ComposableArchitecture in Frameworks */,
			);
			runOnlyForDeploymentPostprocessing = 0;
		};
		FD8029802DCE204800C9183E /* Frameworks */ = {
			isa = PBXFrameworksBuildPhase;
			buildActionMask = 2147483647;
			files = (
			);
			runOnlyForDeploymentPostprocessing = 0;
		};
		FD80298A2DCE204800C9183E /* Frameworks */ = {
			isa = PBXFrameworksBuildPhase;
			buildActionMask = 2147483647;
			files = (
			);
			runOnlyForDeploymentPostprocessing = 0;
		};
/* End PBXFrameworksBuildPhase section */

/* Begin PBXGroup section */
		FD80296D2DCE204700C9183E = {
			isa = PBXGroup;
			children = (
				FD8029782DCE204700C9183E /* GamesDealz */,
				FD8029862DCE204800C9183E /* GamesDealzTests */,
				FD8029902DCE204800C9183E /* GamesDealzUITests */,
				FD8029772DCE204700C9183E /* Products */,
			);
			sourceTree = "<group>";
		};
		FD8029772DCE204700C9183E /* Products */ = {
			isa = PBXGroup;
			children = (
				FD8029762DCE204700C9183E /* GamesDealz.app */,
				FD8029832DCE204800C9183E /* GamesDealzTests.xctest */,
				FD80298D2DCE204800C9183E /* GamesDealzUITests.xctest */,
			);
			name = Products;
			sourceTree = "<group>";
		};
/* End PBXGroup section */

/* Begin PBXNativeTarget section */
		FD8029752DCE204700C9183E /* GamesDealz */ = {
			isa = PBXNativeTarget;
			buildConfigurationList = FD8029972DCE204800C9183E /* Build configuration list for PBXNativeTarget "GamesDealz" */;
			buildPhases = (
				FD8029722DCE204700C9183E /* Sources */,
				FD8029732DCE204700C9183E /* Frameworks */,
				FD8029742DCE204700C9183E /* Resources */,
			);
			buildRules = (
			);
			dependencies = (
			);
			fileSystemSynchronizedGroups = (
				FD8029782DCE204700C9183E /* GamesDealz */,
			);
			name = GamesDealz;
			packageProductDependencies = (
				FD8029A12DCE20FC00C9183E /* ComposableArchitecture */,
				FD8029A42DCE215600C9183E /* Kingfisher */,
			);
			productName = GamesDealz;
			productReference = FD8029762DCE204700C9183E /* GamesDealz.app */;
			productType = "com.apple.product-type.application";
		};
		FD8029822DCE204800C9183E /* GamesDealzTests */ = {
			isa = PBXNativeTarget;
			buildConfigurationList = FD80299A2DCE204800C9183E /* Build configuration list for PBXNativeTarget "GamesDealzTests" */;
			buildPhases = (
				FD80297F2DCE204800C9183E /* Sources */,
				FD8029802DCE204800C9183E /* Frameworks */,
				FD8029812DCE204800C9183E /* Resources */,
			);
			buildRules = (
			);
			dependencies = (
				FD8029852DCE204800C9183E /* PBXTargetDependency */,
			);
			fileSystemSynchronizedGroups = (
				FD8029862DCE204800C9183E /* GamesDealzTests */,
			);
			name = GamesDealzTests;
			packageProductDependencies = (
			);
			productName = GamesDealzTests;
			productReference = FD8029832DCE204800C9183E /* GamesDealzTests.xctest */;
			productType = "com.apple.product-type.bundle.unit-test";
		};
		FD80298C2DCE204800C9183E /* GamesDealzUITests */ = {
			isa = PBXNativeTarget;
			buildConfigurationList = FD80299D2DCE204800C9183E /* Build configuration list for PBXNativeTarget "GamesDealzUITests" */;
			buildPhases = (
				FD8029892DCE204800C9183E /* Sources */,
				FD80298A2DCE204800C9183E /* Frameworks */,
				FD80298B2DCE204800C9183E /* Resources */,
			);
			buildRules = (
			);
			dependencies = (
				FD80298F2DCE204800C9183E /* PBXTargetDependency */,
			);
			fileSystemSynchronizedGroups = (
				FD8029902DCE204800C9183E /* GamesDealzUITests */,
			);
			name = GamesDealzUITests;
			packageProductDependencies = (
			);
			productName = GamesDealzUITests;
			productReference = FD80298D2DCE204800C9183E /* GamesDealzUITests.xctest */;
			productType = "com.apple.product-type.bundle.ui-testing";
		};
/* End PBXNativeTarget section */

/* Begin PBXProject section */
		FD80296E2DCE204700C9183E /* Project object */ = {
			isa = PBXProject;
			attributes = {
				BuildIndependentTargetsInParallel = 1;
				LastSwiftUpdateCheck = 1630;
				LastUpgradeCheck = 1630;
				TargetAttributes = {
					FD8029752DCE204700C9183E = {
						CreatedOnToolsVersion = 16.3;
					};
					FD8029822DCE204800C9183E = {
						CreatedOnToolsVersion = 16.3;
						TestTargetID = FD8029752DCE204700C9183E;
					};
					FD80298C2DCE204800C9183E = {
						CreatedOnToolsVersion = 16.3;
						TestTargetID = FD8029752DCE204700C9183E;
					};
				};
			};
			buildConfigurationList = FD8029712DCE204700C9183E /* Build configuration list for PBXProject "GamesDealz" */;
			developmentRegion = en;
			hasScannedForEncodings = 0;
			knownRegions = (
				en,
				Base,
			);
			mainGroup = FD80296D2DCE204700C9183E;
			minimizedProjectReferenceProxies = 1;
			packageReferences = (
				FD8029A02DCE20FC00C9183E /* XCRemoteSwiftPackageReference "swift-composable-architecture" */,
				FD8029A32DCE215600C9183E /* XCRemoteSwiftPackageReference "Kingfisher" */,
			);
			preferredProjectObjectVersion = 77;
			productRefGroup = FD8029772DCE204700C9183E /* Products */;
			projectDirPath = "";
			projectRoot = "";
			targets = (
				FD8029752DCE204700C9183E /* GamesDealz */,
				FD8029822DCE204800C9183E /* GamesDealzTests */,
				FD80298C2DCE204800C9183E /* GamesDealzUITests */,
			);
		};
/* End PBXProject section */

/* Begin PBXResourcesBuildPhase section */
		FD8029742DCE204700C9183E /* Resources */ = {
			isa = PBXResourcesBuildPhase;
			buildActionMask = 2147483647;
			files = (
			);
			runOnlyForDeploymentPostprocessing = 0;
		};
		FD8029812DCE204800C9183E /* Resources */ = {
			isa = PBXResourcesBuildPhase;
			buildActionMask = 2147483647;
			files = (
			);
			runOnlyForDeploymentPostprocessing = 0;
		};
		FD80298B2DCE204800C9183E /* Resources */ = {
			isa = PBXResourcesBuildPhase;
			buildActionMask = 2147483647;
			files = (
			);
			runOnlyForDeploymentPostprocessing = 0;
		};
/* End PBXResourcesBuildPhase section */

/* Begin PBXSourcesBuildPhase section */
		FD8029722DCE204700C9183E /* Sources */ = {
			isa = PBXSourcesBuildPhase;
			buildActionMask = 2147483647;
			files = (
			);
			runOnlyForDeploymentPostprocessing = 0;
		};
		FD80297F2DCE204800C9183E /* Sources */ = {
			isa = PBXSourcesBuildPhase;
			buildActionMask = 2147483647;
			files = (
			);
			runOnlyForDeploymentPostprocessing = 0;
		};
		FD8029892DCE204800C9183E /* Sources */ = {
			isa = PBXSourcesBuildPhase;
			buildActionMask = 2147483647;
			files = (
			);
			runOnlyForDeploymentPostprocessing = 0;
		};
/* End PBXSourcesBuildPhase section */

/* Begin PBXTargetDependency section */
		FD8029852DCE204800C9183E /* PBXTargetDependency */ = {
			isa = PBXTargetDependency;
			target = FD8029752DCE204700C9183E /* GamesDealz */;
			targetProxy = FD8029842DCE204800C9183E /* PBXContainerItemProxy */;
		};
		FD80298F2DCE204800C9183E /* PBXTargetDependency */ = {
			isa = PBXTargetDependency;
			target = FD8029752DCE204700C9183E /* GamesDealz */;
			targetProxy = FD80298E2DCE204800C9183E /* PBXContainerItemProxy */;
		};
/* End PBXTargetDependency section */

/* Begin XCBuildConfiguration section */
		FD8029952DCE204800C9183E /* Debug */ = {
			isa = XCBuildConfiguration;
			buildSettings = {
				ALWAYS_SEARCH_USER_PATHS = NO;
				ASSETCATALOG_COMPILER_GENERATE_SWIFT_ASSET_SYMBOL_EXTENSIONS = YES;
				CLANG_ANALYZER_NONNULL = YES;
				CLANG_ANALYZER_NUMBER_OBJECT_CONVERSION = YES_AGGRESSIVE;
				CLANG_CXX_LANGUAGE_STANDARD = "gnu++20";
				CLANG_ENABLE_MODULES = YES;
				CLANG_ENABLE_OBJC_ARC = YES;
				CLANG_ENABLE_OBJC_WEAK = YES;
				CLANG_WARN_BLOCK_CAPTURE_AUTORELEASING = YES;
				CLANG_WARN_BOOL_CONVERSION = YES;
				CLANG_WARN_COMMA = YES;
				CLANG_WARN_CONSTANT_CONVERSION = YES;
				CLANG_WARN_DEPRECATED_OBJC_IMPLEMENTATIONS = YES;
				CLANG_WARN_DIRECT_OBJC_ISA_USAGE = YES_ERROR;
				CLANG_WARN_DOCUMENTATION_COMMENTS = YES;
				CLANG_WARN_EMPTY_BODY = YES;
				CLANG_WARN_ENUM_CONVERSION = YES;
				CLANG_WARN_INFINITE_RECURSION = YES;
				CLANG_WARN_INT_CONVERSION = YES;
				CLANG_WARN_NON_LITERAL_NULL_CONVERSION = YES;
				CLANG_WARN_OBJC_IMPLICIT_RETAIN_SELF = YES;
				CLANG_WARN_OBJC_LITERAL_CONVERSION = YES;
				CLANG_WARN_OBJC_ROOT_CLASS = YES_ERROR;
				CLANG_WARN_QUOTED_INCLUDE_IN_FRAMEWORK_HEADER = YES;
				CLANG_WARN_RANGE_LOOP_ANALYSIS = YES;
				CLANG_WARN_STRICT_PROTOTYPES = YES;
				CLANG_WARN_SUSPICIOUS_MOVE = YES;
				CLANG_WARN_UNGUARDED_AVAILABILITY = YES_AGGRESSIVE;
				CLANG_WARN_UNREACHABLE_CODE = YES;
				CLANG_WARN__DUPLICATE_METHOD_MATCH = YES;
				COPY_PHASE_STRIP = NO;
				DEBUG_INFORMATION_FORMAT = dwarf;
				DEVELOPMENT_TEAM = 8UACNPTFYT;
				ENABLE_STRICT_OBJC_MSGSEND = YES;
				ENABLE_TESTABILITY = YES;
				ENABLE_USER_SCRIPT_SANDBOXING = YES;
				GCC_C_LANGUAGE_STANDARD = gnu17;
				GCC_DYNAMIC_NO_PIC = NO;
				GCC_NO_COMMON_BLOCKS = YES;
				GCC_OPTIMIZATION_LEVEL = 0;
				GCC_PREPROCESSOR_DEFINITIONS = (
					"DEBUG=1",
					"$(inherited)",
				);
				GCC_WARN_64_TO_32_BIT_CONVERSION = YES;
				GCC_WARN_ABOUT_RETURN_TYPE = YES_ERROR;
				GCC_WARN_UNDECLARED_SELECTOR = YES;
				GCC_WARN_UNINITIALIZED_AUTOS = YES_AGGRESSIVE;
				GCC_WARN_UNUSED_FUNCTION = YES;
				GCC_WARN_UNUSED_VARIABLE = YES;
				IPHONEOS_DEPLOYMENT_TARGET = 18.4;
				LOCALIZATION_PREFERS_STRING_CATALOGS = YES;
				MTL_ENABLE_DEBUG_INFO = INCLUDE_SOURCE;
				MTL_FAST_MATH = YES;
				ONLY_ACTIVE_ARCH = YES;
				SDKROOT = iphoneos;
				SWIFT_ACTIVE_COMPILATION_CONDITIONS = "DEBUG $(inherited)";
				SWIFT_OPTIMIZATION_LEVEL = "-Onone";
			};
			name = Debug;
		};
		FD8029962DCE204800C9183E /* Release */ = {
			isa = XCBuildConfiguration;
			buildSettings = {
				ALWAYS_SEARCH_USER_PATHS = NO;
				ASSETCATALOG_COMPILER_GENERATE_SWIFT_ASSET_SYMBOL_EXTENSIONS = YES;
				CLANG_ANALYZER_NONNULL = YES;
				CLANG_ANALYZER_NUMBER_OBJECT_CONVERSION = YES_AGGRESSIVE;
				CLANG_CXX_LANGUAGE_STANDARD = "gnu++20";
				CLANG_ENABLE_MODULES = YES;
				CLANG_ENABLE_OBJC_ARC = YES;
				CLANG_ENABLE_OBJC_WEAK = YES;
				CLANG_WARN_BLOCK_CAPTURE_AUTORELEASING = YES;
				CLANG_WARN_BOOL_CONVERSION = YES;
				CLANG_WARN_COMMA = YES;
				CLANG_WARN_CONSTANT_CONVERSION = YES;
				CLANG_WARN_DEPRECATED_OBJC_IMPLEMENTATIONS = YES;
				CLANG_WARN_DIRECT_OBJC_ISA_USAGE = YES_ERROR;
				CLANG_WARN_DOCUMENTATION_COMMENTS = YES;
				CLANG_WARN_EMPTY_BODY = YES;
				CLANG_WARN_ENUM_CONVERSION = YES;
				CLANG_WARN_INFINITE_RECURSION = YES;
				CLANG_WARN_INT_CONVERSION = YES;
				CLANG_WARN_NON_LITERAL_NULL_CONVERSION = YES;
				CLANG_WARN_OBJC_IMPLICIT_RETAIN_SELF = YES;
				CLANG_WARN_OBJC_LITERAL_CONVERSION = YES;
				CLANG_WARN_OBJC_ROOT_CLASS = YES_ERROR;
				CLANG_WARN_QUOTED_INCLUDE_IN_FRAMEWORK_HEADER = YES;
				CLANG_WARN_RANGE_LOOP_ANALYSIS = YES;
				CLANG_WARN_STRICT_PROTOTYPES = YES;
				CLANG_WARN_SUSPICIOUS_MOVE = YES;
				CLANG_WARN_UNGUARDED_AVAILABILITY = YES_AGGRESSIVE;
				CLANG_WARN_UNREACHABLE_CODE = YES;
				CLANG_WARN__DUPLICATE_METHOD_MATCH = YES;
				COPY_PHASE_STRIP = NO;
				DEBUG_INFORMATION_FORMAT = "dwarf-with-dsym";
				DEVELOPMENT_TEAM = 8UACNPTFYT;
				ENABLE_NS_ASSERTIONS = NO;
				ENABLE_STRICT_OBJC_MSGSEND = YES;
				ENABLE_USER_SCRIPT_SANDBOXING = YES;
				GCC_C_LANGUAGE_STANDARD = gnu17;
				GCC_NO_COMMON_BLOCKS = YES;
				GCC_WARN_64_TO_32_BIT_CONVERSION = YES;
				GCC_WARN_ABOUT_RETURN_TYPE = YES_ERROR;
				GCC_WARN_UNDECLARED_SELECTOR = YES;
				GCC_WARN_UNINITIALIZED_AUTOS = YES_AGGRESSIVE;
				GCC_WARN_UNUSED_FUNCTION = YES;
				GCC_WARN_UNUSED_VARIABLE = YES;
				IPHONEOS_DEPLOYMENT_TARGET = 18.4;
				LOCALIZATION_PREFERS_STRING_CATALOGS = YES;
				MTL_ENABLE_DEBUG_INFO = NO;
				MTL_FAST_MATH = YES;
				SDKROOT = iphoneos;
				SWIFT_COMPILATION_MODE = wholemodule;
				VALIDATE_PRODUCT = YES;
			};
			name = Release;
		};
		FD8029982DCE204800C9183E /* Debug */ = {
			isa = XCBuildConfiguration;
			buildSettings = {
				ASSETCATALOG_COMPILER_APPICON_NAME = AppIcon;
				ASSETCATALOG_COMPILER_GLOBAL_ACCENT_COLOR_NAME = AccentColor;
				ASSETCATALOG_COMPILER_INCLUDE_ALL_APPICON_ASSETS = NO;
				CODE_SIGN_STYLE = Automatic;
				CURRENT_PROJECT_VERSION = 1;
				DEVELOPMENT_TEAM = 8UACNPTFYT;
				ENABLE_PREVIEWS = YES;
				GENERATE_INFOPLIST_FILE = YES;
				INFOPLIST_KEY_CFBundleDisplayName = GameDealz;
				INFOPLIST_KEY_LSApplicationCategoryType = "public.app-category.entertainment";
				INFOPLIST_KEY_UIApplicationSceneManifest_Generation = YES;
				INFOPLIST_KEY_UIApplicationSupportsIndirectInputEvents = YES;
				INFOPLIST_KEY_UILaunchScreen_Generation = YES;
				INFOPLIST_KEY_UISupportedInterfaceOrientations_iPad = "UIInterfaceOrientationPortrait UIInterfaceOrientationPortraitUpsideDown UIInterfaceOrientationLandscapeLeft UIInterfaceOrientationLandscapeRight";
				INFOPLIST_KEY_UISupportedInterfaceOrientations_iPhone = "UIInterfaceOrientationPortrait UIInterfaceOrientationLandscapeLeft UIInterfaceOrientationLandscapeRight";
				IPHONEOS_DEPLOYMENT_TARGET = 17.0;
				LD_RUNPATH_SEARCH_PATHS = (
					"$(inherited)",
					"@executable_path/Frameworks",
				);
				MARKETING_VERSION = 1.0;
				PRODUCT_BUNDLE_IDENTIFIER = cz.daniilbalakiriev.GamesDealz;
				PRODUCT_NAME = "$(TARGET_NAME)";
				SWIFT_EMIT_LOC_STRINGS = YES;
				SWIFT_VERSION = 5.0;
				TARGETED_DEVICE_FAMILY = "1,2";
			};
			name = Debug;
		};
		FD8029992DCE204800C9183E /* Release */ = {
			isa = XCBuildConfiguration;
			buildSettings = {
				ASSETCATALOG_COMPILER_APPICON_NAME = AppIcon;
				ASSETCATALOG_COMPILER_GLOBAL_ACCENT_COLOR_NAME = AccentColor;
				ASSETCATALOG_COMPILER_INCLUDE_ALL_APPICON_ASSETS = NO;
				CODE_SIGN_STYLE = Automatic;
				CURRENT_PROJECT_VERSION = 1;
				DEVELOPMENT_TEAM = 8UACNPTFYT;
				ENABLE_PREVIEWS = YES;
				GENERATE_INFOPLIST_FILE = YES;
				INFOPLIST_KEY_CFBundleDisplayName = GameDealz;
				INFOPLIST_KEY_LSApplicationCategoryType = "public.app-category.entertainment";
				INFOPLIST_KEY_UIApplicationSceneManifest_Generation = YES;
				INFOPLIST_KEY_UIApplicationSupportsIndirectInputEvents = YES;
				INFOPLIST_KEY_UILaunchScreen_Generation = YES;
				INFOPLIST_KEY_UISupportedInterfaceOrientations_iPad = "UIInterfaceOrientationPortrait UIInterfaceOrientationPortraitUpsideDown UIInterfaceOrientationLandscapeLeft UIInterfaceOrientationLandscapeRight";
				INFOPLIST_KEY_UISupportedInterfaceOrientations_iPhone = "UIInterfaceOrientationPortrait UIInterfaceOrientationLandscapeLeft UIInterfaceOrientationLandscapeRight";
				IPHONEOS_DEPLOYMENT_TARGET = 17.0;
				LD_RUNPATH_SEARCH_PATHS = (
					"$(inherited)",
					"@executable_path/Frameworks",
				);
				MARKETING_VERSION = 1.0;
				PRODUCT_BUNDLE_IDENTIFIER = cz.daniilbalakiriev.GamesDealz;
				PRODUCT_NAME = "$(TARGET_NAME)";
				SWIFT_EMIT_LOC_STRINGS = YES;
				SWIFT_VERSION = 5.0;
				TARGETED_DEVICE_FAMILY = "1,2";
			};
			name = Release;
		};
		FD80299B2DCE204800C9183E /* Debug */ = {
			isa = XCBuildConfiguration;
			buildSettings = {
				BUNDLE_LOADER = "$(TEST_HOST)";
				CODE_SIGN_STYLE = Automatic;
				CURRENT_PROJECT_VERSION = 1;
				DEVELOPMENT_TEAM = 8UACNPTFYT;
				GENERATE_INFOPLIST_FILE = YES;
				IPHONEOS_DEPLOYMENT_TARGET = 18.4;
				MARKETING_VERSION = 1.0;
				PRODUCT_BUNDLE_IDENTIFIER = cz.daniilbalakiriev.GamesDealzTests;
				PRODUCT_NAME = "$(TARGET_NAME)";
				SWIFT_EMIT_LOC_STRINGS = NO;
				SWIFT_VERSION = 5.0;
				TARGETED_DEVICE_FAMILY = "1,2";
				TEST_HOST = "$(BUILT_PRODUCTS_DIR)/GamesDealz.app/$(BUNDLE_EXECUTABLE_FOLDER_PATH)/GamesDealz";
			};
			name = Debug;
		};
		FD80299C2DCE204800C9183E /* Release */ = {
			isa = XCBuildConfiguration;
			buildSettings = {
				BUNDLE_LOADER = "$(TEST_HOST)";
				CODE_SIGN_STYLE = Automatic;
				CURRENT_PROJECT_VERSION = 1;
				DEVELOPMENT_TEAM = 8UACNPTFYT;
				GENERATE_INFOPLIST_FILE = YES;
				IPHONEOS_DEPLOYMENT_TARGET = 18.4;
				MARKETING_VERSION = 1.0;
				PRODUCT_BUNDLE_IDENTIFIER = cz.daniilbalakiriev.GamesDealzTests;
				PRODUCT_NAME = "$(TARGET_NAME)";
				SWIFT_EMIT_LOC_STRINGS = NO;
				SWIFT_VERSION = 5.0;
				TARGETED_DEVICE_FAMILY = "1,2";
				TEST_HOST = "$(BUILT_PRODUCTS_DIR)/GamesDealz.app/$(BUNDLE_EXECUTABLE_FOLDER_PATH)/GamesDealz";
			};
			name = Release;
		};
		FD80299E2DCE204800C9183E /* Debug */ = {
			isa = XCBuildConfiguration;
			buildSettings = {
				CODE_SIGN_STYLE = Automatic;
				CURRENT_PROJECT_VERSION = 1;
				DEVELOPMENT_TEAM = 8UACNPTFYT;
				GENERATE_INFOPLIST_FILE = YES;
				MARKETING_VERSION = 1.0;
				PRODUCT_BUNDLE_IDENTIFIER = cz.daniilbalakiriev.GamesDealzUITests;
				PRODUCT_NAME = "$(TARGET_NAME)";
				SWIFT_EMIT_LOC_STRINGS = NO;
				SWIFT_VERSION = 5.0;
				TARGETED_DEVICE_FAMILY = "1,2";
				TEST_TARGET_NAME = GamesDealz;
			};
			name = Debug;
		};
		FD80299F2DCE204800C9183E /* Release */ = {
			isa = XCBuildConfiguration;
			buildSettings = {
				CODE_SIGN_STYLE = Automatic;
				CURRENT_PROJECT_VERSION = 1;
				DEVELOPMENT_TEAM = 8UACNPTFYT;
				GENERATE_INFOPLIST_FILE = YES;
				MARKETING_VERSION = 1.0;
				PRODUCT_BUNDLE_IDENTIFIER = cz.daniilbalakiriev.GamesDealzUITests;
				PRODUCT_NAME = "$(TARGET_NAME)";
				SWIFT_EMIT_LOC_STRINGS = NO;
				SWIFT_VERSION = 5.0;
				TARGETED_DEVICE_FAMILY = "1,2";
				TEST_TARGET_NAME = GamesDealz;
			};
			name = Release;
		};
/* End XCBuildConfiguration section */

/* Begin XCConfigurationList section */
		FD8029712DCE204700C9183E /* Build configuration list for PBXProject "GamesDealz" */ = {
			isa = XCConfigurationList;
			buildConfigurations = (
				FD8029952DCE204800C9183E /* Debug */,
				FD8029962DCE204800C9183E /* Release */,
			);
			defaultConfigurationIsVisible = 0;
			defaultConfigurationName = Release;
		};
		FD8029972DCE204800C9183E /* Build configuration list for PBXNativeTarget "GamesDealz" */ = {
			isa = XCConfigurationList;
			buildConfigurations = (
				FD8029982DCE204800C9183E /* Debug */,
				FD8029992DCE204800C9183E /* Release */,
			);
			defaultConfigurationIsVisible = 0;
			defaultConfigurationName = Release;
		};
		FD80299A2DCE204800C9183E /* Build configuration list for PBXNativeTarget "GamesDealzTests" */ = {
			isa = XCConfigurationList;
			buildConfigurations = (
				FD80299B2DCE204800C9183E /* Debug */,
				FD80299C2DCE204800C9183E /* Release */,
			);
			defaultConfigurationIsVisible = 0;
			defaultConfigurationName = Release;
		};
		FD80299D2DCE204800C9183E /* Build configuration list for PBXNativeTarget "GamesDealzUITests" */ = {
			isa = XCConfigurationList;
			buildConfigurations = (
				FD80299E2DCE204800C9183E /* Debug */,
				FD80299F2DCE204800C9183E /* Release */,
			);
			defaultConfigurationIsVisible = 0;
			defaultConfigurationName = Release;
		};
/* End XCConfigurationList section */

/* Begin XCRemoteSwiftPackageReference section */
		FD8029A02DCE20FC00C9183E /* XCRemoteSwiftPackageReference "swift-composable-architecture" */ = {
			isa = XCRemoteSwiftPackageReference;
			repositoryURL = "https://github.com/pointfreeco/swift-composable-architecture";
			requirement = {
				kind = upToNextMajorVersion;
				minimumVersion = 1.19.1;
			};
		};
		FD8029A32DCE215600C9183E /* XCRemoteSwiftPackageReference "Kingfisher" */ = {
			isa = XCRemoteSwiftPackageReference;
			repositoryURL = "https://github.com/onevcat/Kingfisher.git";
			requirement = {
				kind = upToNextMajorVersion;
				minimumVersion = 8.3.2;
			};
		};
/* End XCRemoteSwiftPackageReference section */

/* Begin XCSwiftPackageProductDependency section */
		FD8029A12DCE20FC00C9183E /* ComposableArchitecture */ = {
			isa = XCSwiftPackageProductDependency;
			package = FD8029A02DCE20FC00C9183E /* XCRemoteSwiftPackageReference "swift-composable-architecture" */;
			productName = ComposableArchitecture;
		};
		FD8029A42DCE215600C9183E /* Kingfisher */ = {
			isa = XCSwiftPackageProductDependency;
			package = FD8029A32DCE215600C9183E /* XCRemoteSwiftPackageReference "Kingfisher" */;
			productName = Kingfisher;
		};
/* End XCSwiftPackageProductDependency section */
	};
	rootObject = FD80296E2DCE204700C9183E /* Project object */;
}
